// !$*UTF8*$!
{
	archiveVersion = 1;
	classes = {
	};
	objectVersion = 46;
	objects = {

/* Begin PBXBuildFile section */
		53BF70E428E04F5EC577DFDB /* Pods_DO.framework in Frameworks */ = {isa = PBXBuildFile; fileRef = FEA88C8543D7BF61C0B4E59D /* Pods_DO.framework */; };
		8553AEBC1C91D49C001BB7D5 /* RoundedView.swift in Sources */ = {isa = PBXBuildFile; fileRef = 8553AEBB1C91D49C001BB7D5 /* RoundedView.swift */; };
		8562ABD51C2B216C00175588 /* AppDelegate.swift in Sources */ = {isa = PBXBuildFile; fileRef = 8562ABD41C2B216C00175588 /* AppDelegate.swift */; };
		8562ABD71C2B216C00175588 /* HomeViewController.swift in Sources */ = {isa = PBXBuildFile; fileRef = 8562ABD61C2B216C00175588 /* HomeViewController.swift */; };
		8562ABDA1C2B216C00175588 /* Main.storyboard in Resources */ = {isa = PBXBuildFile; fileRef = 8562ABD81C2B216C00175588 /* Main.storyboard */; };
		8562ABDD1C2B216C00175588 /* DO.xcdatamodeld in Sources */ = {isa = PBXBuildFile; fileRef = 8562ABDB1C2B216C00175588 /* DO.xcdatamodeld */; };
		8562ABDF1C2B216C00175588 /* Assets.xcassets in Resources */ = {isa = PBXBuildFile; fileRef = 8562ABDE1C2B216C00175588 /* Assets.xcassets */; };
		8562ABE21C2B216C00175588 /* LaunchScreen.storyboard in Resources */ = {isa = PBXBuildFile; fileRef = 8562ABE01C2B216C00175588 /* LaunchScreen.storyboard */; };
		8562ABED1C2B216C00175588 /* DOTests.swift in Sources */ = {isa = PBXBuildFile; fileRef = 8562ABEC1C2B216C00175588 /* DOTests.swift */; };
		8562ABF81C2B216C00175588 /* DOUITests.swift in Sources */ = {isa = PBXBuildFile; fileRef = 8562ABF71C2B216C00175588 /* DOUITests.swift */; };
		857459181C94034F004A3F4A /* NavigationTableViewController.swift in Sources */ = {isa = PBXBuildFile; fileRef = 857459171C94034F004A3F4A /* NavigationTableViewController.swift */; };
		8574591A1C942ACA004A3F4A /* Constants.swift in Sources */ = {isa = PBXBuildFile; fileRef = 857459191C942AC9004A3F4A /* Constants.swift */; };
		8574591C1C944B6F004A3F4A /* CalendarViewController.swift in Sources */ = {isa = PBXBuildFile; fileRef = 8574591B1C944B6F004A3F4A /* CalendarViewController.swift */; };
		85B186321CA6B41F001E36B5 /* DOStyleKit.swift in Sources */ = {isa = PBXBuildFile; fileRef = 85B186311CA6B41F001E36B5 /* DOStyleKit.swift */; };
		85B186341CA6B457001E36B5 /* DOTaskProgressView.swift in Sources */ = {isa = PBXBuildFile; fileRef = 85B186331CA6B457001E36B5 /* DOTaskProgressView.swift */; };
		85BD6A2C1C9722DB00AF9386 /* OverviewViewController.swift in Sources */ = {isa = PBXBuildFile; fileRef = 85BD6A2B1C9722DB00AF9386 /* OverviewViewController.swift */; };
/* End PBXBuildFile section */

/* Begin PBXContainerItemProxy section */
		8562ABE91C2B216C00175588 /* PBXContainerItemProxy */ = {
			isa = PBXContainerItemProxy;
			containerPortal = 8562ABC91C2B216C00175588 /* Project object */;
			proxyType = 1;
			remoteGlobalIDString = 8562ABD01C2B216C00175588;
			remoteInfo = DO;
		};
		8562ABF41C2B216C00175588 /* PBXContainerItemProxy */ = {
			isa = PBXContainerItemProxy;
			containerPortal = 8562ABC91C2B216C00175588 /* Project object */;
			proxyType = 1;
			remoteGlobalIDString = 8562ABD01C2B216C00175588;
			remoteInfo = DO;
		};
/* End PBXContainerItemProxy section */

/* Begin PBXFileReference section */
		3992BC4E20ACEFCD1B5CBBE7 /* Pods.framework */ = {isa = PBXFileReference; explicitFileType = wrapper.framework; includeInIndex = 0; path = Pods.framework; sourceTree = BUILT_PRODUCTS_DIR; };
		8553AEBB1C91D49C001BB7D5 /* RoundedView.swift */ = {isa = PBXFileReference; fileEncoding = 4; lastKnownFileType = sourcecode.swift; path = RoundedView.swift; sourceTree = "<group>"; };
		8562ABD11C2B216C00175588 /* DO.app */ = {isa = PBXFileReference; explicitFileType = wrapper.application; includeInIndex = 0; path = DO.app; sourceTree = BUILT_PRODUCTS_DIR; };
		8562ABD41C2B216C00175588 /* AppDelegate.swift */ = {isa = PBXFileReference; lastKnownFileType = sourcecode.swift; path = AppDelegate.swift; sourceTree = "<group>"; };
		8562ABD61C2B216C00175588 /* HomeViewController.swift */ = {isa = PBXFileReference; lastKnownFileType = sourcecode.swift; path = HomeViewController.swift; sourceTree = "<group>"; };
		8562ABD91C2B216C00175588 /* Base */ = {isa = PBXFileReference; lastKnownFileType = file.storyboard; name = Base; path = Base.lproj/Main.storyboard; sourceTree = "<group>"; };
		8562ABDC1C2B216C00175588 /* DO.xcdatamodel */ = {isa = PBXFileReference; lastKnownFileType = wrapper.xcdatamodel; path = DO.xcdatamodel; sourceTree = "<group>"; };
		8562ABDE1C2B216C00175588 /* Assets.xcassets */ = {isa = PBXFileReference; lastKnownFileType = folder.assetcatalog; path = Assets.xcassets; sourceTree = "<group>"; };
		8562ABE11C2B216C00175588 /* Base */ = {isa = PBXFileReference; lastKnownFileType = file.storyboard; name = Base; path = Base.lproj/LaunchScreen.storyboard; sourceTree = "<group>"; };
		8562ABE31C2B216C00175588 /* Info.plist */ = {isa = PBXFileReference; lastKnownFileType = text.plist.xml; path = Info.plist; sourceTree = "<group>"; };
		8562ABE81C2B216C00175588 /* DOTests.xctest */ = {isa = PBXFileReference; explicitFileType = wrapper.cfbundle; includeInIndex = 0; path = DOTests.xctest; sourceTree = BUILT_PRODUCTS_DIR; };
		8562ABEC1C2B216C00175588 /* DOTests.swift */ = {isa = PBXFileReference; lastKnownFileType = sourcecode.swift; path = DOTests.swift; sourceTree = "<group>"; };
		8562ABEE1C2B216C00175588 /* Info.plist */ = {isa = PBXFileReference; lastKnownFileType = text.plist.xml; path = Info.plist; sourceTree = "<group>"; };
		8562ABF31C2B216C00175588 /* DOUITests.xctest */ = {isa = PBXFileReference; explicitFileType = wrapper.cfbundle; includeInIndex = 0; path = DOUITests.xctest; sourceTree = BUILT_PRODUCTS_DIR; };
		8562ABF71C2B216C00175588 /* DOUITests.swift */ = {isa = PBXFileReference; lastKnownFileType = sourcecode.swift; path = DOUITests.swift; sourceTree = "<group>"; };
		8562ABF91C2B216C00175588 /* Info.plist */ = {isa = PBXFileReference; lastKnownFileType = text.plist.xml; path = Info.plist; sourceTree = "<group>"; };
		857459171C94034F004A3F4A /* NavigationTableViewController.swift */ = {isa = PBXFileReference; fileEncoding = 4; lastKnownFileType = sourcecode.swift; path = NavigationTableViewController.swift; sourceTree = "<group>"; };
		857459191C942AC9004A3F4A /* Constants.swift */ = {isa = PBXFileReference; fileEncoding = 4; lastKnownFileType = sourcecode.swift; path = Constants.swift; sourceTree = "<group>"; };
		8574591B1C944B6F004A3F4A /* CalendarViewController.swift */ = {isa = PBXFileReference; fileEncoding = 4; lastKnownFileType = sourcecode.swift; path = CalendarViewController.swift; sourceTree = "<group>"; };
		85B186311CA6B41F001E36B5 /* DOStyleKit.swift */ = {isa = PBXFileReference; fileEncoding = 4; lastKnownFileType = sourcecode.swift; path = DOStyleKit.swift; sourceTree = "<group>"; };
		85B186331CA6B457001E36B5 /* DOTaskProgressView.swift */ = {isa = PBXFileReference; fileEncoding = 4; lastKnownFileType = sourcecode.swift; path = DOTaskProgressView.swift; sourceTree = "<group>"; };
		85BD6A2B1C9722DB00AF9386 /* OverviewViewController.swift */ = {isa = PBXFileReference; fileEncoding = 4; lastKnownFileType = sourcecode.swift; path = OverviewViewController.swift; sourceTree = "<group>"; };
		8DB496B0BB948A25D9741332 /* Pods-DO.release.xcconfig */ = {isa = PBXFileReference; includeInIndex = 1; lastKnownFileType = text.xcconfig; name = "Pods-DO.release.xcconfig"; path = "Pods/Target Support Files/Pods-DO/Pods-DO.release.xcconfig"; sourceTree = "<group>"; };
		DE7453827BE13F5A9E7EB114 /* Pods-DO.debug.xcconfig */ = {isa = PBXFileReference; includeInIndex = 1; lastKnownFileType = text.xcconfig; name = "Pods-DO.debug.xcconfig"; path = "Pods/Target Support Files/Pods-DO/Pods-DO.debug.xcconfig"; sourceTree = "<group>"; };
		FEA88C8543D7BF61C0B4E59D /* Pods_DO.framework */ = {isa = PBXFileReference; explicitFileType = wrapper.framework; includeInIndex = 0; path = Pods_DO.framework; sourceTree = BUILT_PRODUCTS_DIR; };
/* End PBXFileReference section */

/* Begin PBXFrameworksBuildPhase section */
		8562ABCE1C2B216C00175588 /* Frameworks */ = {
			isa = PBXFrameworksBuildPhase;
			buildActionMask = 2147483647;
			files = (
				53BF70E428E04F5EC577DFDB /* Pods_DO.framework in Frameworks */,
			);
			runOnlyForDeploymentPostprocessing = 0;
		};
		8562ABE51C2B216C00175588 /* Frameworks */ = {
			isa = PBXFrameworksBuildPhase;
			buildActionMask = 2147483647;
			files = (
			);
			runOnlyForDeploymentPostprocessing = 0;
		};
		8562ABF01C2B216C00175588 /* Frameworks */ = {
			isa = PBXFrameworksBuildPhase;
			buildActionMask = 2147483647;
			files = (
			);
			runOnlyForDeploymentPostprocessing = 0;
		};
/* End PBXFrameworksBuildPhase section */

/* Begin PBXGroup section */
		6788B602C9B5DF854064766D /* Pods */ = {
			isa = PBXGroup;
			children = (
				DE7453827BE13F5A9E7EB114 /* Pods-DO.debug.xcconfig */,
				8DB496B0BB948A25D9741332 /* Pods-DO.release.xcconfig */,
			);
			name = Pods;
			sourceTree = "<group>";
		};
		7166B2CFF0A00713E575867C /* Frameworks */ = {
			isa = PBXGroup;
			children = (
				3992BC4E20ACEFCD1B5CBBE7 /* Pods.framework */,
				FEA88C8543D7BF61C0B4E59D /* Pods_DO.framework */,
			);
			name = Frameworks;
			sourceTree = "<group>";
		};
		8562ABC81C2B216C00175588 = {
			isa = PBXGroup;
			children = (
				8562ABD31C2B216C00175588 /* DO */,
				8562ABEB1C2B216C00175588 /* DOTests */,
				8562ABF61C2B216C00175588 /* DOUITests */,
				8562ABD21C2B216C00175588 /* Products */,
				7166B2CFF0A00713E575867C /* Frameworks */,
				6788B602C9B5DF854064766D /* Pods */,
			);
			sourceTree = "<group>";
		};
		8562ABD21C2B216C00175588 /* Products */ = {
			isa = PBXGroup;
			children = (
				8562ABD11C2B216C00175588 /* DO.app */,
				8562ABE81C2B216C00175588 /* DOTests.xctest */,
				8562ABF31C2B216C00175588 /* DOUITests.xctest */,
			);
			name = Products;
			sourceTree = "<group>";
		};
		8562ABD31C2B216C00175588 /* DO */ = {
			isa = PBXGroup;
			children = (
				8562AC091C2B26E900175588 /* CustomViews */,
				8562AC081C2B251300175588 /* Model */,
				8562AC071C2B24F400175588 /* Storyboards */,
				8562AC061C2B24B200175588 /* Controllers */,
				8562AC051C2B249F00175588 /* SupportingFiles */,
			);
			path = DO;
			sourceTree = "<group>";
		};
		8562ABEB1C2B216C00175588 /* DOTests */ = {
			isa = PBXGroup;
			children = (
				8562ABEC1C2B216C00175588 /* DOTests.swift */,
				8562ABEE1C2B216C00175588 /* Info.plist */,
			);
			path = DOTests;
			sourceTree = "<group>";
		};
		8562ABF61C2B216C00175588 /* DOUITests */ = {
			isa = PBXGroup;
			children = (
				8562ABF71C2B216C00175588 /* DOUITests.swift */,
				8562ABF91C2B216C00175588 /* Info.plist */,
			);
			path = DOUITests;
			sourceTree = "<group>";
		};
		8562AC051C2B249F00175588 /* SupportingFiles */ = {
			isa = PBXGroup;
			children = (
				857459191C942AC9004A3F4A /* Constants.swift */,
				8562ABD41C2B216C00175588 /* AppDelegate.swift */,
				8562ABE31C2B216C00175588 /* Info.plist */,
			);
			name = SupportingFiles;
			sourceTree = "<group>";
		};
		8562AC061C2B24B200175588 /* Controllers */ = {
			isa = PBXGroup;
			children = (
				8562ABD61C2B216C00175588 /* HomeViewController.swift */,
				857459171C94034F004A3F4A /* NavigationTableViewController.swift */,
				8574591B1C944B6F004A3F4A /* CalendarViewController.swift */,
				85BD6A2B1C9722DB00AF9386 /* OverviewViewController.swift */,
			);
			name = Controllers;
			sourceTree = "<group>";
		};
		8562AC071C2B24F400175588 /* Storyboards */ = {
			isa = PBXGroup;
			children = (
				8562ABD81C2B216C00175588 /* Main.storyboard */,
				8562ABE01C2B216C00175588 /* LaunchScreen.storyboard */,
				8562ABDE1C2B216C00175588 /* Assets.xcassets */,
			);
			name = Storyboards;
			sourceTree = "<group>";
		};
		8562AC081C2B251300175588 /* Model */ = {
			isa = PBXGroup;
			children = (
				8562ABDB1C2B216C00175588 /* DO.xcdatamodeld */,
			);
			name = Model;
			sourceTree = "<group>";
		};
		8562AC091C2B26E900175588 /* CustomViews */ = {
			isa = PBXGroup;
			children = (
				85B186311CA6B41F001E36B5 /* DOStyleKit.swift */,
				8562AC0A1C2B357A00175588 /* Home */,
				85B186331CA6B457001E36B5 /* DOTaskProgressView.swift */,
			);
			name = CustomViews;
			sourceTree = "<group>";
		};
		8562AC0A1C2B357A00175588 /* Home */ = {
			isa = PBXGroup;
			children = (
				8553AEBB1C91D49C001BB7D5 /* RoundedView.swift */,
			);
			name = Home;
			sourceTree = "<group>";
		};
/* End PBXGroup section */

/* Begin PBXNativeTarget section */
		8562ABD01C2B216C00175588 /* DO */ = {
			isa = PBXNativeTarget;
			buildConfigurationList = 8562ABFC1C2B216C00175588 /* Build configuration list for PBXNativeTarget "DO" */;
			buildPhases = (
				783389A45249372BB65A1AFB /* 📦 Check Pods Manifest.lock */,
				8562ABCD1C2B216C00175588 /* Sources */,
				8562ABCE1C2B216C00175588 /* Frameworks */,
				8562ABCF1C2B216C00175588 /* Resources */,
				EEE678D04B7D2D88E04782B8 /* 📦 Embed Pods Frameworks */,
				5D26368E7E208329DB6099C0 /* 📦 Copy Pods Resources */,
			);
			buildRules = (
			);
			dependencies = (
			);
			name = DO;
			productName = DO;
			productReference = 8562ABD11C2B216C00175588 /* DO.app */;
			productType = "com.apple.product-type.application";
		};
		8562ABE71C2B216C00175588 /* DOTests */ = {
			isa = PBXNativeTarget;
			buildConfigurationList = 8562ABFF1C2B216C00175588 /* Build configuration list for PBXNativeTarget "DOTests" */;
			buildPhases = (
				8562ABE41C2B216C00175588 /* Sources */,
				8562ABE51C2B216C00175588 /* Frameworks */,
				8562ABE61C2B216C00175588 /* Resources */,
			);
			buildRules = (
			);
			dependencies = (
				8562ABEA1C2B216C00175588 /* PBXTargetDependency */,
			);
			name = DOTests;
			productName = DOTests;
			productReference = 8562ABE81C2B216C00175588 /* DOTests.xctest */;
			productType = "com.apple.product-type.bundle.unit-test";
		};
		8562ABF21C2B216C00175588 /* DOUITests */ = {
			isa = PBXNativeTarget;
			buildConfigurationList = 8562AC021C2B216C00175588 /* Build configuration list for PBXNativeTarget "DOUITests" */;
			buildPhases = (
				8562ABEF1C2B216C00175588 /* Sources */,
				8562ABF01C2B216C00175588 /* Frameworks */,
				8562ABF11C2B216C00175588 /* Resources */,
			);
			buildRules = (
			);
			dependencies = (
				8562ABF51C2B216C00175588 /* PBXTargetDependency */,
			);
			name = DOUITests;
			productName = DOUITests;
			productReference = 8562ABF31C2B216C00175588 /* DOUITests.xctest */;
			productType = "com.apple.product-type.bundle.ui-testing";
		};
/* End PBXNativeTarget section */

/* Begin PBXProject section */
		8562ABC91C2B216C00175588 /* Project object */ = {
			isa = PBXProject;
			attributes = {
				LastSwiftUpdateCheck = 0720;
				LastUpgradeCheck = 0720;
				ORGANIZATIONNAME = "Alexander Batalov";
				TargetAttributes = {
					8562ABD01C2B216C00175588 = {
						CreatedOnToolsVersion = 7.2;
					};
					8562ABE71C2B216C00175588 = {
						CreatedOnToolsVersion = 7.2;
						TestTargetID = 8562ABD01C2B216C00175588;
					};
					8562ABF21C2B216C00175588 = {
						CreatedOnToolsVersion = 7.2;
						TestTargetID = 8562ABD01C2B216C00175588;
					};
				};
			};
			buildConfigurationList = 8562ABCC1C2B216C00175588 /* Build configuration list for PBXProject "DO" */;
			compatibilityVersion = "Xcode 3.2";
			developmentRegion = English;
			hasScannedForEncodings = 0;
			knownRegions = (
				en,
				Base,
			);
			mainGroup = 8562ABC81C2B216C00175588;
			productRefGroup = 8562ABD21C2B216C00175588 /* Products */;
			projectDirPath = "";
			projectRoot = "";
			targets = (
				8562ABD01C2B216C00175588 /* DO */,
				8562ABE71C2B216C00175588 /* DOTests */,
				8562ABF21C2B216C00175588 /* DOUITests */,
			);
		};
/* End PBXProject section */

/* Begin PBXResourcesBuildPhase section */
		8562ABCF1C2B216C00175588 /* Resources */ = {
			isa = PBXResourcesBuildPhase;
			buildActionMask = 2147483647;
			files = (
				8562ABE21C2B216C00175588 /* LaunchScreen.storyboard in Resources */,
				8562ABDF1C2B216C00175588 /* Assets.xcassets in Resources */,
				8562ABDA1C2B216C00175588 /* Main.storyboard in Resources */,
			);
			runOnlyForDeploymentPostprocessing = 0;
		};
		8562ABE61C2B216C00175588 /* Resources */ = {
			isa = PBXResourcesBuildPhase;
			buildActionMask = 2147483647;
			files = (
			);
			runOnlyForDeploymentPostprocessing = 0;
		};
		8562ABF11C2B216C00175588 /* Resources */ = {
			isa = PBXResourcesBuildPhase;
			buildActionMask = 2147483647;
			files = (
			);
			runOnlyForDeploymentPostprocessing = 0;
		};
/* End PBXResourcesBuildPhase section */

/* Begin PBXShellScriptBuildPhase section */
		5D26368E7E208329DB6099C0 /* 📦 Copy Pods Resources */ = {
			isa = PBXShellScriptBuildPhase;
			buildActionMask = 2147483647;
			files = (
			);
			inputPaths = (
			);
			name = "📦 Copy Pods Resources";
			outputPaths = (
			);
			runOnlyForDeploymentPostprocessing = 0;
			shellPath = /bin/sh;
			shellScript = "\"${SRCROOT}/Pods/Target Support Files/Pods-DO/Pods-DO-resources.sh\"\n";
			showEnvVarsInLog = 0;
		};
		783389A45249372BB65A1AFB /* 📦 Check Pods Manifest.lock */ = {
			isa = PBXShellScriptBuildPhase;
			buildActionMask = 2147483647;
			files = (
			);
			inputPaths = (
			);
			name = "📦 Check Pods Manifest.lock";
			outputPaths = (
			);
			runOnlyForDeploymentPostprocessing = 0;
			shellPath = /bin/sh;
			shellScript = "diff \"${PODS_ROOT}/../Podfile.lock\" \"${PODS_ROOT}/Manifest.lock\" > /dev/null\nif [[ $? != 0 ]] ; then\n    cat << EOM\nerror: The sandbox is not in sync with the Podfile.lock. Run 'pod install' or update your CocoaPods installation.\nEOM\n    exit 1\nfi\n";
			showEnvVarsInLog = 0;
		};
		EEE678D04B7D2D88E04782B8 /* 📦 Embed Pods Frameworks */ = {
			isa = PBXShellScriptBuildPhase;
			buildActionMask = 2147483647;
			files = (
			);
			inputPaths = (
			);
			name = "📦 Embed Pods Frameworks";
			outputPaths = (
			);
			runOnlyForDeploymentPostprocessing = 0;
			shellPath = /bin/sh;
			shellScript = "\"${SRCROOT}/Pods/Target Support Files/Pods-DO/Pods-DO-frameworks.sh\"\n";
			showEnvVarsInLog = 0;
		};
/* End PBXShellScriptBuildPhase section */

/* Begin PBXSourcesBuildPhase section */
		8562ABCD1C2B216C00175588 /* Sources */ = {
			isa = PBXSourcesBuildPhase;
			buildActionMask = 2147483647;
			files = (
				85B186321CA6B41F001E36B5 /* DOStyleKit.swift in Sources */,
				85B186341CA6B457001E36B5 /* DOTaskProgressView.swift in Sources */,
				857459181C94034F004A3F4A /* NavigationTableViewController.swift in Sources */,
				8562ABD71C2B216C00175588 /* HomeViewController.swift in Sources */,
				8553AEBC1C91D49C001BB7D5 /* RoundedView.swift in Sources */,
				8562ABD51C2B216C00175588 /* AppDelegate.swift in Sources */,
				8562ABDD1C2B216C00175588 /* DO.xcdatamodeld in Sources */,
				85BD6A2C1C9722DB00AF9386 /* OverviewViewController.swift in Sources */,
				8574591C1C944B6F004A3F4A /* CalendarViewController.swift in Sources */,
				8574591A1C942ACA004A3F4A /* Constants.swift in Sources */,
			);
			runOnlyForDeploymentPostprocessing = 0;
		};
		8562ABE41C2B216C00175588 /* Sources */ = {
			isa = PBXSourcesBuildPhase;
			buildActionMask = 2147483647;
			files = (
				8562ABED1C2B216C00175588 /* DOTests.swift in Sources */,
			);
			runOnlyForDeploymentPostprocessing = 0;
		};
		8562ABEF1C2B216C00175588 /* Sources */ = {
			isa = PBXSourcesBuildPhase;
			buildActionMask = 2147483647;
			files = (
				8562ABF81C2B216C00175588 /* DOUITests.swift in Sources */,
			);
			runOnlyForDeploymentPostprocessing = 0;
		};
/* End PBXSourcesBuildPhase section */

/* Begin PBXTargetDependency section */
		8562ABEA1C2B216C00175588 /* PBXTargetDependency */ = {
			isa = PBXTargetDependency;
			target = 8562ABD01C2B216C00175588 /* DO */;
			targetProxy = 8562ABE91C2B216C00175588 /* PBXContainerItemProxy */;
		};
		8562ABF51C2B216C00175588 /* PBXTargetDependency */ = {
			isa = PBXTargetDependency;
			target = 8562ABD01C2B216C00175588 /* DO */;
			targetProxy = 8562ABF41C2B216C00175588 /* PBXContainerItemProxy */;
		};
/* End PBXTargetDependency section */

/* Begin PBXVariantGroup section */
		8562ABD81C2B216C00175588 /* Main.storyboard */ = {
			isa = PBXVariantGroup;
			children = (
				8562ABD91C2B216C00175588 /* Base */,
			);
			name = Main.storyboard;
			sourceTree = "<group>";
		};
		8562ABE01C2B216C00175588 /* LaunchScreen.storyboard */ = {
			isa = PBXVariantGroup;
			children = (
				8562ABE11C2B216C00175588 /* Base */,
			);
			name = LaunchScreen.storyboard;
			sourceTree = "<group>";
		};
/* End PBXVariantGroup section */

/* Begin XCBuildConfiguration section */
		8562ABFA1C2B216C00175588 /* Debug */ = {
			isa = XCBuildConfiguration;
			buildSettings = {
				ALWAYS_SEARCH_USER_PATHS = NO;
				CLANG_CXX_LANGUAGE_STANDARD = "gnu++0x";
				CLANG_CXX_LIBRARY = "libc++";
				CLANG_ENABLE_MODULES = YES;
				CLANG_ENABLE_OBJC_ARC = YES;
				CLANG_WARN_BOOL_CONVERSION = YES;
				CLANG_WARN_CONSTANT_CONVERSION = YES;
				CLANG_WARN_DIRECT_OBJC_ISA_USAGE = YES_ERROR;
				CLANG_WARN_EMPTY_BODY = YES;
				CLANG_WARN_ENUM_CONVERSION = YES;
				CLANG_WARN_INT_CONVERSION = YES;
				CLANG_WARN_OBJC_ROOT_CLASS = YES_ERROR;
				CLANG_WARN_UNREACHABLE_CODE = YES;
				CLANG_WARN__DUPLICATE_METHOD_MATCH = YES;
				"CODE_SIGN_IDENTITY[sdk=iphoneos*]" = "iPhone Developer";
				COPY_PHASE_STRIP = NO;
				DEBUG_INFORMATION_FORMAT = dwarf;
				ENABLE_STRICT_OBJC_MSGSEND = YES;
				ENABLE_TESTABILITY = YES;
				GCC_C_LANGUAGE_STANDARD = gnu99;
				GCC_DYNAMIC_NO_PIC = NO;
				GCC_NO_COMMON_BLOCKS = YES;
				GCC_OPTIMIZATION_LEVEL = 0;
				GCC_PREPROCESSOR_DEFINITIONS = (
					"DEBUG=1",
					"$(inherited)",
				);
				GCC_WARN_64_TO_32_BIT_CONVERSION = YES;
				GCC_WARN_ABOUT_RETURN_TYPE = YES_ERROR;
				GCC_WARN_UNDECLARED_SELECTOR = YES;
				GCC_WARN_UNINITIALIZED_AUTOS = YES_AGGRESSIVE;
				GCC_WARN_UNUSED_FUNCTION = YES;
				GCC_WARN_UNUSED_VARIABLE = YES;
				IPHONEOS_DEPLOYMENT_TARGET = 9.2;
				MTL_ENABLE_DEBUG_INFO = YES;
				ONLY_ACTIVE_ARCH = YES;
				SDKROOT = iphoneos;
				SWIFT_OPTIMIZATION_LEVEL = "-Onone";
			};
			name = Debug;
		};
		8562ABFB1C2B216C00175588 /* Release */ = {
			isa = XCBuildConfiguration;
			buildSettings = {
				ALWAYS_SEARCH_USER_PATHS = NO;
				CLANG_CXX_LANGUAGE_STANDARD = "gnu++0x";
				CLANG_CXX_LIBRARY = "libc++";
				CLANG_ENABLE_MODULES = YES;
				CLANG_ENABLE_OBJC_ARC = YES;
				CLANG_WARN_BOOL_CONVERSION = YES;
				CLANG_WARN_CONSTANT_CONVERSION = YES;
				CLANG_WARN_DIRECT_OBJC_ISA_USAGE = YES_ERROR;
				CLANG_WARN_EMPTY_BODY = YES;
				CLANG_WARN_ENUM_CONVERSION = YES;
				CLANG_WARN_INT_CONVERSION = YES;
				CLANG_WARN_OBJC_ROOT_CLASS = YES_ERROR;
				CLANG_WARN_UNREACHABLE_CODE = YES;
				CLANG_WARN__DUPLICATE_METHOD_MATCH = YES;
				"CODE_SIGN_IDENTITY[sdk=iphoneos*]" = "iPhone Developer";
				COPY_PHASE_STRIP = NO;
				DEBUG_INFORMATION_FORMAT = "dwarf-with-dsym";
				ENABLE_NS_ASSERTIONS = NO;
				ENABLE_STRICT_OBJC_MSGSEND = YES;
				GCC_C_LANGUAGE_STANDARD = gnu99;
				GCC_NO_COMMON_BLOCKS = YES;
				GCC_WARN_64_TO_32_BIT_CONVERSION = YES;
				GCC_WARN_ABOUT_RETURN_TYPE = YES_ERROR;
				GCC_WARN_UNDECLARED_SELECTOR = YES;
				GCC_WARN_UNINITIALIZED_AUTOS = YES_AGGRESSIVE;
				GCC_WARN_UNUSED_FUNCTION = YES;
				GCC_WARN_UNUSED_VARIABLE = YES;
				IPHONEOS_DEPLOYMENT_TARGET = 9.2;
				MTL_ENABLE_DEBUG_INFO = NO;
				SDKROOT = iphoneos;
				VALIDATE_PRODUCT = YES;
			};
			name = Release;
		};
		8562ABFD1C2B216C00175588 /* Debug */ = {
			isa = XCBuildConfiguration;
			baseConfigurationReference = DE7453827BE13F5A9E7EB114 /* Pods-DO.debug.xcconfig */;
			buildSettings = {
				ASSETCATALOG_COMPILER_APPICON_NAME = AppIcon;
				INFOPLIST_FILE = DO/Info.plist;
				LD_RUNPATH_SEARCH_PATHS = "$(inherited) @executable_path/Frameworks";
				PRODUCT_BUNDLE_IDENTIFIER = com.AlexanderBatalov.DO;
				PRODUCT_NAME = "$(TARGET_NAME)";
			};
			name = Debug;
		};
		8562ABFE1C2B216C00175588 /* Release */ = {
			isa = XCBuildConfiguration;
			baseConfigurationReference = 8DB496B0BB948A25D9741332 /* Pods-DO.release.xcconfig */;
			buildSettings = {
				ASSETCATALOG_COMPILER_APPICON_NAME = AppIcon;
				INFOPLIST_FILE = DO/Info.plist;
				LD_RUNPATH_SEARCH_PATHS = "$(inherited) @executable_path/Frameworks";
				PRODUCT_BUNDLE_IDENTIFIER = com.AlexanderBatalov.DO;
				PRODUCT_NAME = "$(TARGET_NAME)";
			};
			name = Release;
		};
		8562AC001C2B216C00175588 /* Debug */ = {
			isa = XCBuildConfiguration;
			buildSettings = {
				BUNDLE_LOADER = "$(TEST_HOST)";
				INFOPLIST_FILE = DOTests/Info.plist;
				LD_RUNPATH_SEARCH_PATHS = "$(inherited) @executable_path/Frameworks @loader_path/Frameworks";
				PRODUCT_BUNDLE_IDENTIFIER = com.AlexanderBatalov.DOTests;
				PRODUCT_NAME = "$(TARGET_NAME)";
				TEST_HOST = "$(BUILT_PRODUCTS_DIR)/DO.app/DO";
			};
			name = Debug;
		};
		8562AC011C2B216C00175588 /* Release */ = {
			isa = XCBuildConfiguration;
			buildSettings = {
				BUNDLE_LOADER = "$(TEST_HOST)";
				INFOPLIST_FILE = DOTests/Info.plist;
				LD_RUNPATH_SEARCH_PATHS = "$(inherited) @executable_path/Frameworks @loader_path/Frameworks";
				PRODUCT_BUNDLE_IDENTIFIER = com.AlexanderBatalov.DOTests;
				PRODUCT_NAME = "$(TARGET_NAME)";
				TEST_HOST = "$(BUILT_PRODUCTS_DIR)/DO.app/DO";
			};
			name = Release;
		};
		8562AC031C2B216C00175588 /* Debug */ = {
			isa = XCBuildConfiguration;
			buildSettings = {
				INFOPLIST_FILE = DOUITests/Info.plist;
				LD_RUNPATH_SEARCH_PATHS = "$(inherited) @executable_path/Frameworks @loader_path/Frameworks";
				PRODUCT_BUNDLE_IDENTIFIER = com.AlexanderBatalov.DOUITests;
				PRODUCT_NAME = "$(TARGET_NAME)";
				TEST_TARGET_NAME = DO;
				USES_XCTRUNNER = YES;
			};
			name = Debug;
		};
		8562AC041C2B216C00175588 /* Release */ = {
			isa = XCBuildConfiguration;
			buildSettings = {
				INFOPLIST_FILE = DOUITests/Info.plist;
				LD_RUNPATH_SEARCH_PATHS = "$(inherited) @executable_path/Frameworks @loader_path/Frameworks";
				PRODUCT_BUNDLE_IDENTIFIER = com.AlexanderBatalov.DOUITests;
				PRODUCT_NAME = "$(TARGET_NAME)";
				TEST_TARGET_NAME = DO;
				USES_XCTRUNNER = YES;
			};
			name = Release;
		};
/* End XCBuildConfiguration section */

/* Begin XCConfigurationList section */
		8562ABCC1C2B216C00175588 /* Build configuration list for PBXProject "DO" */ = {
			isa = XCConfigurationList;
			buildConfigurations = (
				8562ABFA1C2B216C00175588 /* Debug */,
				8562ABFB1C2B216C00175588 /* Release */,
			);
			defaultConfigurationIsVisible = 0;
			defaultConfigurationName = Release;
		};
		8562ABFC1C2B216C00175588 /* Build configuration list for PBXNativeTarget "DO" */ = {
			isa = XCConfigurationList;
			buildConfigurations = (
				8562ABFD1C2B216C00175588 /* Debug */,
				8562ABFE1C2B216C00175588 /* Release */,
			);
			defaultConfigurationIsVisible = 0;
			defaultConfigurationName = Release;
		};
		8562ABFF1C2B216C00175588 /* Build configuration list for PBXNativeTarget "DOTests" */ = {
			isa = XCConfigurationList;
			buildConfigurations = (
				8562AC001C2B216C00175588 /* Debug */,
				8562AC011C2B216C00175588 /* Release */,
			);
			defaultConfigurationIsVisible = 0;
			defaultConfigurationName = Release;
		};
		8562AC021C2B216C00175588 /* Build configuration list for PBXNativeTarget "DOUITests" */ = {
			isa = XCConfigurationList;
			buildConfigurations = (
				8562AC031C2B216C00175588 /* Debug */,
				8562AC041C2B216C00175588 /* Release */,
			);
			defaultConfigurationIsVisible = 0;
			defaultConfigurationName = Release;
		};
/* End XCConfigurationList section */

/* Begin XCVersionGroup section */
		8562ABDB1C2B216C00175588 /* DO.xcdatamodeld */ = {
			isa = XCVersionGroup;
			children = (
				8562ABDC1C2B216C00175588 /* DO.xcdatamodel */,
			);
			currentVersion = 8562ABDC1C2B216C00175588 /* DO.xcdatamodel */;
			path = DO.xcdatamodeld;
			sourceTree = "<group>";
			versionGroupType = wrapper.xcdatamodel;
		};
/* End XCVersionGroup section */
	};
	rootObject = 8562ABC91C2B216C00175588 /* Project object */;
}
